Microsoft Visual Studio Solution File, Format Version 12.00
# Visual Studio 15
VisualStudioVersion = 15.0.27703.2042
MinimumVisualStudioVersion = 10.0.40219.1
Project("{2150E333-8FDC-42A3-9474-1A3956D46DE8}") = "Solution Items", "Solution Items", "{E57AC121-A3A1-47AF-90B5-597E9467696E}"
	ProjectSection(SolutionItems) = preProject
		nfive.yml = nfive.yml
	EndProjectSection
EndProject
Project("{D33A1BD4-F7CC-4C94-A37D-DD281F59C3D3}") = "Pushcar.Client", "Pushcar.Client\Pushcar.Client.csproj", "{AED3955D-F196-42FB-8C34-34B0A79FA6FB}"
EndProject
Project("{D33A1BD4-F7CC-4C94-A37D-DD281F59C3D3}") = "Pushcar.Server", "Pushcar.Server\Pushcar.Server.csproj", "{BF0A970B-606B-43A3-9155-AC382A59B069}"
EndProject
Project("{D33A1BD4-F7CC-4C94-A37D-DD281F59C3D3}") = "Pushcar.Shared", "Pushcar.Shared\Pushcar.Shared.csproj", "{CE2ADE80-0851-4E18-BB7D-2D4CD0B11AC3}"
EndProject
Global
	GlobalSection(SolutionConfigurationPlatforms) = preSolution
		Debug|Any CPU = Debug|Any CPU
		Release|Any CPU = Release|Any CPU
	EndGlobalSection
	GlobalSection(ProjectConfigurationPlatforms) = postSolution
		{AED3955D-F196-42FB-8C34-34B0A79FA6FB}.Debug|Any CPU.ActiveCfg = Debug|Any CPU
		{AED3955D-F196-42FB-8C34-34B0A79FA6FB}.Debug|Any CPU.Build.0 = Debug|Any CPU
		{AED3955D-F196-42FB-8C34-34B0A79FA6FB}.Release|Any CPU.ActiveCfg = Release|Any CPU
		{AED3955D-F196-42FB-8C34-34B0A79FA6FB}.Release|Any CPU.Build.0 = Release|Any CPU
		{BF0A970B-606B-43A3-9155-AC382A59B069}.Debug|Any CPU.ActiveCfg = Debug|Any CPU
		{BF0A970B-606B-43A3-9155-AC382A59B069}.Debug|Any CPU.Build.0 = Debug|Any CPU
		{BF0A970B-606B-43A3-9155-AC382A59B069}.Release|Any CPU.ActiveCfg = Release|Any CPU
		{BF0A970B-606B-43A3-9155-AC382A59B069}.Release|Any CPU.Build.0 = Release|Any CPU
		{CE2ADE80-0851-4E18-BB7D-2D4CD0B11AC3}.Debug|Any CPU.ActiveCfg = Debug|Any CPU
		{CE2ADE80-0851-4E18-BB7D-2D4CD0B11AC3}.Debug|Any CPU.Build.0 = Debug|Any CPU
		{CE2ADE80-0851-4E18-BB7D-2D4CD0B11AC3}.Release|Any CPU.ActiveCfg = Release|Any CPU
		{CE2ADE80-0851-4E18-BB7D-2D4CD0B11AC3}.Release|Any CPU.Build.0 = Release|Any CPU
	EndGlobalSection
EndGlobal
